{
  "name": "shopify-buy-cart",
  "version": "1.1.0",
  "lockfileVersion": 2,
  "requires": true,
  "packages": {
    "": {
      "name": "shopify-buy-cart",
      "version": "1.1.0",
      "license": "ISC",
      "dependencies": {
        "shopify-buy": "^2.21.1"
      },
      "devDependencies": {
        "@types/shopify-buy": "^2.17.4",
        "typescript": "^5.0.3"
      }
    },
    "node_modules/@types/shopify-buy": {
      "version": "2.17.4",
      "resolved": "https://registry.npmjs.org/@types/shopify-buy/-/shopify-buy-2.17.4.tgz",
      "integrity": "sha512-svTrPgQJaKcKv0yGAdQAsgHR8JF8qSWPQThPU+cawSq2+2Wj/ZD8AVXn3FenXwEVfhqGcRhZOKJJfSd7+gipYg==",
      "dev": true
    },
    "node_modules/shopify-buy": {
      "version": "2.21.1",
      "resolved": "https://registry.npmjs.org/shopify-buy/-/shopify-buy-2.21.1.tgz",
      "integrity": "sha512-loiv6edkoleLwN8bA+07PDjq/EJ7KL/VHVRCJMUe4467MzFVcmAgAa4FvHrN6EICpq88h7A47UdqYa2R/W3hNw=="
    },
    "node_modules/typescript": {
      "version": "5.4.3",
      "resolved": "https://registry.npmjs.org/typescript/-/typescript-5.4.3.tgz",
      "integrity": "sha512-KrPd3PKaCLr78MalgiwJnA25Nm8HAmdwN3mYUYZgG/wizIo9EainNVQI9/yDavtVFRN2h3k8uf3GLHuhDMgEHg==",
      "dev": true,
      "bin": {
        "tsc": "bin/tsc",
        "tsserver": "bin/tsserver"
      },
      "engines": {
        "node": ">=14.17"
      }
    }
  },
  "dependencies": {
    "@types/shopify-buy": {
      "version": "2.17.4",
      "resolved": "https://registry.npmjs.org/@types/shopify-buy/-/shopify-buy-2.17.4.tgz",
      "integrity": "sha512-svTrPgQJaKcKv0yGAdQAsgHR8JF8qSWPQThPU+cawSq2+2Wj/ZD8AVXn3FenXwEVfhqGcRhZOKJJfSd7+gipYg==",
      "dev": true
    },
    "shopify-buy": {
      "version": "2.21.1",
      "resolved": "https://registry.npmjs.org/shopify-buy/-/shopify-buy-2.21.1.tgz",
      "integrity": "sha512-loiv6edkoleLwN8bA+07PDjq/EJ7KL/VHVRCJMUe4467MzFVcmAgAa4FvHrN6EICpq88h7A47UdqYa2R/W3hNw=="
    },
    "typescript": {
      "version": "5.4.3",
      "resolved": "https://registry.npmjs.org/typescript/-/typescript-5.4.3.tgz",
      "integrity": "sha512-KrPd3PKaCLr78MalgiwJnA25Nm8HAmdwN3mYUYZgG/wizIo9EainNVQI9/yDavtVFRN2h3k8uf3GLHuhDMgEHg==",
      "dev": true
    }
  }
}
